// !$*UTF8*$!
{
	archiveVersion = 1;
	classes = {
	};
	objectVersion = 50;
	objects = {

/* Begin PBXBuildFile section */
		C208190121891527006C4F43 /* AppDelegate.swift in Sources */ = {isa = PBXBuildFile; fileRef = C208190021891527006C4F43 /* AppDelegate.swift */; };
		C208190321891527006C4F43 /* ViewController.swift in Sources */ = {isa = PBXBuildFile; fileRef = C208190221891527006C4F43 /* ViewController.swift */; };
		C208190621891527006C4F43 /* Main.storyboard in Resources */ = {isa = PBXBuildFile; fileRef = C208190421891527006C4F43 /* Main.storyboard */; };
		C208190821891529006C4F43 /* Assets.xcassets in Resources */ = {isa = PBXBuildFile; fileRef = C208190721891529006C4F43 /* Assets.xcassets */; };
		C208190B21891529006C4F43 /* LaunchScreen.storyboard in Resources */ = {isa = PBXBuildFile; fileRef = C208190921891529006C4F43 /* LaunchScreen.storyboard */; };
		C208191321891B57006C4F43 /* bleManager.swift in Sources */ = {isa = PBXBuildFile; fileRef = C208191221891B57006C4F43 /* bleManager.swift */; };
		C21940BE218CC6F0009EDFF4 /* bleStatusPage.swift in Sources */ = {isa = PBXBuildFile; fileRef = C21940BD218CC6F0009EDFF4 /* bleStatusPage.swift */; };
		C21940C0218CC9E0009EDFF4 /* loginPage.swift in Sources */ = {isa = PBXBuildFile; fileRef = C21940BF218CC9E0009EDFF4 /* loginPage.swift */; };
		C21940D02194B5E8009EDFF4 /* profilePage.swift in Sources */ = {isa = PBXBuildFile; fileRef = C21940CF2194B5E7009EDFF4 /* profilePage.swift */; };
		C21940D22194BA94009EDFF4 /* homePage.swift in Sources */ = {isa = PBXBuildFile; fileRef = C21940D12194BA94009EDFF4 /* homePage.swift */; };
		C21940D42194C236009EDFF4 /* mainNavigationController.swift in Sources */ = {isa = PBXBuildFile; fileRef = C21940D32194C236009EDFF4 /* mainNavigationController.swift */; };
		C21940E0219E0646009EDFF4 /* PatientInfo.swift in Sources */ = {isa = PBXBuildFile; fileRef = C21940DF219E0646009EDFF4 /* PatientInfo.swift */; };
		C25F1AB121A4DEEA00F17628 /* profileDetails.swift in Sources */ = {isa = PBXBuildFile; fileRef = C25F1AB021A4DEEA00F17628 /* profileDetails.swift */; };
		C25F1AB721B3315600F17628 /* awsconfiguration.json in Resources */ = {isa = PBXBuildFile; fileRef = C25F1AB621B3315600F17628 /* awsconfiguration.json */; };
		C25F1AB921B3318600F17628 /* CapNotifications.swift in Sources */ = {isa = PBXBuildFile; fileRef = C25F1AB821B3318600F17628 /* CapNotifications.swift */; };
		C25F1ABD21BB38D600F17628 /* extAdherencePage.swift in Sources */ = {isa = PBXBuildFile; fileRef = C25F1ABC21BB38D600F17628 /* extAdherencePage.swift */; };
		C25F1ABF21BB52A100F17628 /* AWSDBManager.swift in Sources */ = {isa = PBXBuildFile; fileRef = C25F1ABE21BB52A100F17628 /* AWSDBManager.swift */; };
		C25F1AC121BF206A00F17628 /* Role.swift in Sources */ = {isa = PBXBuildFile; fileRef = C25F1AC021BF206A00F17628 /* Role.swift */; };
		C267134B21BF415400C8D86D /* optionsPage.swift in Sources */ = {isa = PBXBuildFile; fileRef = C267134A21BF415400C8D86D /* optionsPage.swift */; };
		C7E9D4C9F2EBEF129B7D7516 /* Pods_patchBetaApp.framework in Frameworks */ = {isa = PBXBuildFile; fileRef = 4AA4DC16A3B340C745AFD894 /* Pods_patchBetaApp.framework */; };
/* End PBXBuildFile section */

/* Begin PBXFileReference section */
		4958608D71607AD3AC84E8FD /* Pods-patchBetaApp.debug.xcconfig */ = {isa = PBXFileReference; includeInIndex = 1; lastKnownFileType = text.xcconfig; name = "Pods-patchBetaApp.debug.xcconfig"; path = "Pods/Target Support Files/Pods-patchBetaApp/Pods-patchBetaApp.debug.xcconfig"; sourceTree = "<group>"; };
		4AA4DC16A3B340C745AFD894 /* Pods_patchBetaApp.framework */ = {isa = PBXFileReference; explicitFileType = wrapper.framework; includeInIndex = 0; path = Pods_patchBetaApp.framework; sourceTree = BUILT_PRODUCTS_DIR; };
		C20818FD21891527006C4F43 /* patchBetaApp.app */ = {isa = PBXFileReference; explicitFileType = wrapper.application; includeInIndex = 0; path = patchBetaApp.app; sourceTree = BUILT_PRODUCTS_DIR; };
		C208190021891527006C4F43 /* AppDelegate.swift */ = {isa = PBXFileReference; lastKnownFileType = sourcecode.swift; path = AppDelegate.swift; sourceTree = "<group>"; };
		C208190221891527006C4F43 /* ViewController.swift */ = {isa = PBXFileReference; lastKnownFileType = sourcecode.swift; path = ViewController.swift; sourceTree = "<group>"; };
		C208190521891527006C4F43 /* Base */ = {isa = PBXFileReference; lastKnownFileType = file.storyboard; name = Base; path = Base.lproj/Main.storyboard; sourceTree = "<group>"; };
		C208190721891529006C4F43 /* Assets.xcassets */ = {isa = PBXFileReference; lastKnownFileType = folder.assetcatalog; path = Assets.xcassets; sourceTree = "<group>"; };
		C208190A21891529006C4F43 /* Base */ = {isa = PBXFileReference; lastKnownFileType = file.storyboard; name = Base; path = Base.lproj/LaunchScreen.storyboard; sourceTree = "<group>"; };
		C208190C21891529006C4F43 /* Info.plist */ = {isa = PBXFileReference; lastKnownFileType = text.plist.xml; path = Info.plist; sourceTree = "<group>"; };
		C208191221891B57006C4F43 /* bleManager.swift */ = {isa = PBXFileReference; lastKnownFileType = sourcecode.swift; path = bleManager.swift; sourceTree = "<group>"; };
		C21940BD218CC6F0009EDFF4 /* bleStatusPage.swift */ = {isa = PBXFileReference; lastKnownFileType = sourcecode.swift; path = bleStatusPage.swift; sourceTree = "<group>"; };
		C21940BF218CC9E0009EDFF4 /* loginPage.swift */ = {isa = PBXFileReference; lastKnownFileType = sourcecode.swift; path = loginPage.swift; sourceTree = "<group>"; };
		C21940CF2194B5E7009EDFF4 /* profilePage.swift */ = {isa = PBXFileReference; lastKnownFileType = sourcecode.swift; path = profilePage.swift; sourceTree = "<group>"; };
		C21940D12194BA94009EDFF4 /* homePage.swift */ = {isa = PBXFileReference; lastKnownFileType = sourcecode.swift; path = homePage.swift; sourceTree = "<group>"; };
		C21940D32194C236009EDFF4 /* mainNavigationController.swift */ = {isa = PBXFileReference; lastKnownFileType = sourcecode.swift; path = mainNavigationController.swift; sourceTree = "<group>"; };
		C21940DF219E0646009EDFF4 /* PatientInfo.swift */ = {isa = PBXFileReference; fileEncoding = 4; lastKnownFileType = sourcecode.swift; path = PatientInfo.swift; sourceTree = "<group>"; };
		C25F1AB021A4DEEA00F17628 /* profileDetails.swift */ = {isa = PBXFileReference; lastKnownFileType = sourcecode.swift; path = profileDetails.swift; sourceTree = "<group>"; };
		C25F1AB621B3315600F17628 /* awsconfiguration.json */ = {isa = PBXFileReference; fileEncoding = 4; lastKnownFileType = text.json; name = awsconfiguration.json; path = ../../../../Downloads/awsconfiguration.json; sourceTree = "<group>"; };
		C25F1AB821B3318600F17628 /* CapNotifications.swift */ = {isa = PBXFileReference; fileEncoding = 4; lastKnownFileType = sourcecode.swift; path = CapNotifications.swift; sourceTree = "<group>"; };
		C25F1ABC21BB38D600F17628 /* extAdherencePage.swift */ = {isa = PBXFileReference; lastKnownFileType = sourcecode.swift; path = extAdherencePage.swift; sourceTree = "<group>"; };
		C25F1ABE21BB52A100F17628 /* AWSDBManager.swift */ = {isa = PBXFileReference; lastKnownFileType = sourcecode.swift; path = AWSDBManager.swift; sourceTree = "<group>"; };
		C25F1AC021BF206A00F17628 /* Role.swift */ = {isa = PBXFileReference; lastKnownFileType = sourcecode.swift; path = Role.swift; sourceTree = "<group>"; };
		C267134A21BF415400C8D86D /* optionsPage.swift */ = {isa = PBXFileReference; lastKnownFileType = sourcecode.swift; path = optionsPage.swift; sourceTree = "<group>"; };
		C5A5B78415AB1D4D32D2404E /* Pods-patchBetaApp.release.xcconfig */ = {isa = PBXFileReference; includeInIndex = 1; lastKnownFileType = text.xcconfig; name = "Pods-patchBetaApp.release.xcconfig"; path = "Pods/Target Support Files/Pods-patchBetaApp/Pods-patchBetaApp.release.xcconfig"; sourceTree = "<group>"; };
/* End PBXFileReference section */

/* Begin PBXFrameworksBuildPhase section */
		C20818FA21891527006C4F43 /* Frameworks */ = {
			isa = PBXFrameworksBuildPhase;
			buildActionMask = 2147483647;
			files = (
				C7E9D4C9F2EBEF129B7D7516 /* Pods_patchBetaApp.framework in Frameworks */,
			);
			runOnlyForDeploymentPostprocessing = 0;
		};
/* End PBXFrameworksBuildPhase section */

/* Begin PBXGroup section */
		6661B6CF1B113E75F557390E /* Pods */ = {
			isa = PBXGroup;
			children = (
				4958608D71607AD3AC84E8FD /* Pods-patchBetaApp.debug.xcconfig */,
				C5A5B78415AB1D4D32D2404E /* Pods-patchBetaApp.release.xcconfig */,
			);
			name = Pods;
			sourceTree = "<group>";
		};
		99B87D7DC9FB3B6B59076389 /* Frameworks */ = {
			isa = PBXGroup;
			children = (
				4AA4DC16A3B340C745AFD894 /* Pods_patchBetaApp.framework */,
			);
			name = Frameworks;
			sourceTree = "<group>";
		};
		C20818F421891527006C4F43 = {
			isa = PBXGroup;
			children = (
				C20818FF21891527006C4F43 /* patchBetaApp */,
				C20818FE21891527006C4F43 /* Products */,
				6661B6CF1B113E75F557390E /* Pods */,
				99B87D7DC9FB3B6B59076389 /* Frameworks */,
			);
			sourceTree = "<group>";
		};
		C20818FE21891527006C4F43 /* Products */ = {
			isa = PBXGroup;
			children = (
				C20818FD21891527006C4F43 /* patchBetaApp.app */,
			);
			name = Products;
			sourceTree = "<group>";
		};
		C20818FF21891527006C4F43 /* patchBetaApp */ = {
			isa = PBXGroup;
			children = (
				C208190021891527006C4F43 /* AppDelegate.swift */,
				C208190221891527006C4F43 /* ViewController.swift */,
				C25F1AB821B3318600F17628 /* CapNotifications.swift */,
				C21940DF219E0646009EDFF4 /* PatientInfo.swift */,
				C208190421891527006C4F43 /* Main.storyboard */,
				C208190721891529006C4F43 /* Assets.xcassets */,
				C208190921891529006C4F43 /* LaunchScreen.storyboard */,
				C25F1AB621B3315600F17628 /* awsconfiguration.json */,
				C208190C21891529006C4F43 /* Info.plist */,
				C208191221891B57006C4F43 /* bleManager.swift */,
				C21940BD218CC6F0009EDFF4 /* bleStatusPage.swift */,
				C21940BF218CC9E0009EDFF4 /* loginPage.swift */,
				C21940CF2194B5E7009EDFF4 /* profilePage.swift */,
				C21940D12194BA94009EDFF4 /* homePage.swift */,
				C21940D32194C236009EDFF4 /* mainNavigationController.swift */,
				C25F1AB021A4DEEA00F17628 /* profileDetails.swift */,
				C25F1ABC21BB38D600F17628 /* extAdherencePage.swift */,
				C25F1ABE21BB52A100F17628 /* AWSDBManager.swift */,
				C25F1AC021BF206A00F17628 /* Role.swift */,
				C267134A21BF415400C8D86D /* optionsPage.swift */,
			);
			path = patchBetaApp;
			sourceTree = "<group>";
		};
/* End PBXGroup section */

/* Begin PBXNativeTarget section */
		C20818FC21891527006C4F43 /* patchBetaApp */ = {
			isa = PBXNativeTarget;
			buildConfigurationList = C208190F21891529006C4F43 /* Build configuration list for PBXNativeTarget "patchBetaApp" */;
			buildPhases = (
				739A19D4EEA79873CF866433 /* [CP] Check Pods Manifest.lock */,
				C20818F921891527006C4F43 /* Sources */,
				C20818FA21891527006C4F43 /* Frameworks */,
				C20818FB21891527006C4F43 /* Resources */,
				610D3629C48738C610E7EF64 /* [CP] Embed Pods Frameworks */,
			);
			buildRules = (
			);
			dependencies = (
			);
			name = patchBetaApp;
			productName = patchBetaApp;
			productReference = C20818FD21891527006C4F43 /* patchBetaApp.app */;
			productType = "com.apple.product-type.application";
		};
/* End PBXNativeTarget section */

/* Begin PBXProject section */
		C20818F521891527006C4F43 /* Project object */ = {
			isa = PBXProject;
			attributes = {
				LastSwiftUpdateCheck = 1000;
				LastUpgradeCheck = 1000;
				ORGANIZATIONNAME = PATCH;
				TargetAttributes = {
					C20818FC21891527006C4F43 = {
						CreatedOnToolsVersion = 10.0;
					};
				};
			};
			buildConfigurationList = C20818F821891527006C4F43 /* Build configuration list for PBXProject "patchBetaApp" */;
			compatibilityVersion = "Xcode 9.3";
			developmentRegion = en;
			hasScannedForEncodings = 0;
			knownRegions = (
				en,
				Base,
			);
			mainGroup = C20818F421891527006C4F43;
			productRefGroup = C20818FE21891527006C4F43 /* Products */;
			projectDirPath = "";
			projectRoot = "";
			targets = (
				C20818FC21891527006C4F43 /* patchBetaApp */,
			);
		};
/* End PBXProject section */

/* Begin PBXResourcesBuildPhase section */
		C20818FB21891527006C4F43 /* Resources */ = {
			isa = PBXResourcesBuildPhase;
			buildActionMask = 2147483647;
			files = (
				C25F1AB721B3315600F17628 /* awsconfiguration.json in Resources */,
				C208190B21891529006C4F43 /* LaunchScreen.storyboard in Resources */,
				C208190821891529006C4F43 /* Assets.xcassets in Resources */,
				C208190621891527006C4F43 /* Main.storyboard in Resources */,
			);
			runOnlyForDeploymentPostprocessing = 0;
		};
/* End PBXResourcesBuildPhase section */

/* Begin PBXShellScriptBuildPhase section */
		610D3629C48738C610E7EF64 /* [CP] Embed Pods Frameworks */ = {
			isa = PBXShellScriptBuildPhase;
			buildActionMask = 2147483647;
			files = (
			);
			inputFileListPaths = (
			);
			inputPaths = (
				"${SRCROOT}/Pods/Target Support Files/Pods-patchBetaApp/Pods-patchBetaApp-frameworks.sh",
				"${BUILT_PRODUCTS_DIR}/AWSAuthCore/AWSAuthCore.framework",
				"${BUILT_PRODUCTS_DIR}/AWSAuthUI/AWSAuthUI.framework",
				"${BUILT_PRODUCTS_DIR}/AWSCognitoIdentityProvider/AWSCognitoIdentityProvider.framework",
				"${BUILT_PRODUCTS_DIR}/AWSCognitoIdentityProviderASF/AWSCognitoIdentityProviderASF.framework",
				"${BUILT_PRODUCTS_DIR}/AWSCore/AWSCore.framework",
				"${BUILT_PRODUCTS_DIR}/AWSDynamoDB/AWSDynamoDB.framework",
				"${BUILT_PRODUCTS_DIR}/AWSMobileClient/AWSMobileClient.framework",
				"${BUILT_PRODUCTS_DIR}/AWSUserPoolsSignIn/AWSUserPoolsSignIn.framework",
			);
			name = "[CP] Embed Pods Frameworks";
			outputFileListPaths = (
			);
			outputPaths = (
				"${TARGET_BUILD_DIR}/${FRAMEWORKS_FOLDER_PATH}/AWSAuthCore.framework",
				"${TARGET_BUILD_DIR}/${FRAMEWORKS_FOLDER_PATH}/AWSAuthUI.framework",
				"${TARGET_BUILD_DIR}/${FRAMEWORKS_FOLDER_PATH}/AWSCognitoIdentityProvider.framework",
				"${TARGET_BUILD_DIR}/${FRAMEWORKS_FOLDER_PATH}/AWSCognitoIdentityProviderASF.framework",
				"${TARGET_BUILD_DIR}/${FRAMEWORKS_FOLDER_PATH}/AWSCore.framework",
				"${TARGET_BUILD_DIR}/${FRAMEWORKS_FOLDER_PATH}/AWSDynamoDB.framework",
				"${TARGET_BUILD_DIR}/${FRAMEWORKS_FOLDER_PATH}/AWSMobileClient.framework",
				"${TARGET_BUILD_DIR}/${FRAMEWORKS_FOLDER_PATH}/AWSUserPoolsSignIn.framework",
			);
			runOnlyForDeploymentPostprocessing = 0;
			shellPath = /bin/sh;
			shellScript = "\"${SRCROOT}/Pods/Target Support Files/Pods-patchBetaApp/Pods-patchBetaApp-frameworks.sh\"\n";
			showEnvVarsInLog = 0;
		};
		739A19D4EEA79873CF866433 /* [CP] Check Pods Manifest.lock */ = {
			isa = PBXShellScriptBuildPhase;
			buildActionMask = 2147483647;
			files = (
			);
			inputFileListPaths = (
			);
			inputPaths = (
				"${PODS_PODFILE_DIR_PATH}/Podfile.lock",
				"${PODS_ROOT}/Manifest.lock",
			);
			name = "[CP] Check Pods Manifest.lock";
			outputFileListPaths = (
			);
			outputPaths = (
				"$(DERIVED_FILE_DIR)/Pods-patchBetaApp-checkManifestLockResult.txt",
			);
			runOnlyForDeploymentPostprocessing = 0;
			shellPath = /bin/sh;
			shellScript = "diff \"${PODS_PODFILE_DIR_PATH}/Podfile.lock\" \"${PODS_ROOT}/Manifest.lock\" > /dev/null\nif [ $? != 0 ] ; then\n    # print error to STDERR\n    echo \"error: The sandbox is not in sync with the Podfile.lock. Run 'pod install' or update your CocoaPods installation.\" >&2\n    exit 1\nfi\n# This output is used by Xcode 'outputs' to avoid re-running this script phase.\necho \"SUCCESS\" > \"${SCRIPT_OUTPUT_FILE_0}\"\n";
			showEnvVarsInLog = 0;
		};
/* End PBXShellScriptBuildPhase section */

/* Begin PBXSourcesBuildPhase section */
		C20818F921891527006C4F43 /* Sources */ = {
			isa = PBXSourcesBuildPhase;
			buildActionMask = 2147483647;
			files = (
				C25F1ABF21BB52A100F17628 /* AWSDBManager.swift in Sources */,
				C21940D22194BA94009EDFF4 /* homePage.swift in Sources */,
				C25F1AB921B3318600F17628 /* CapNotifications.swift in Sources */,
				C208191321891B57006C4F43 /* bleManager.swift in Sources */,
				C267134B21BF415400C8D86D /* optionsPage.swift in Sources */,
				C21940D42194C236009EDFF4 /* mainNavigationController.swift in Sources */,
				C21940D02194B5E8009EDFF4 /* profilePage.swift in Sources */,
				C21940BE218CC6F0009EDFF4 /* bleStatusPage.swift in Sources */,
				C25F1AC121BF206A00F17628 /* Role.swift in Sources */,
				C21940E0219E0646009EDFF4 /* PatientInfo.swift in Sources */,
				C25F1ABD21BB38D600F17628 /* extAdherencePage.swift in Sources */,
				C21940C0218CC9E0009EDFF4 /* loginPage.swift in Sources */,
				C208190321891527006C4F43 /* ViewController.swift in Sources */,
				C25F1AB121A4DEEA00F17628 /* profileDetails.swift in Sources */,
				C208190121891527006C4F43 /* AppDelegate.swift in Sources */,
			);
			runOnlyForDeploymentPostprocessing = 0;
		};
/* End PBXSourcesBuildPhase section */

/* Begin PBXVariantGroup section */
		C208190421891527006C4F43 /* Main.storyboard */ = {
			isa = PBXVariantGroup;
			children = (
				C208190521891527006C4F43 /* Base */,
			);
			name = Main.storyboard;
			sourceTree = "<group>";
		};
		C208190921891529006C4F43 /* LaunchScreen.storyboard */ = {
			isa = PBXVariantGroup;
			children = (
				C208190A21891529006C4F43 /* Base */,
			);
			name = LaunchScreen.storyboard;
			sourceTree = "<group>";
		};
/* End PBXVariantGroup section */

/* Begin XCBuildConfiguration section */
		C208190D21891529006C4F43 /* Debug */ = {
			isa = XCBuildConfiguration;
			buildSettings = {
				ALWAYS_SEARCH_USER_PATHS = NO;
				CLANG_ANALYZER_NONNULL = YES;
				CLANG_ANALYZER_NUMBER_OBJECT_CONVERSION = YES_AGGRESSIVE;
				CLANG_CXX_LANGUAGE_STANDARD = "gnu++14";
				CLANG_CXX_LIBRARY = "libc++";
				CLANG_ENABLE_MODULES = YES;
				CLANG_ENABLE_OBJC_ARC = YES;
				CLANG_ENABLE_OBJC_WEAK = YES;
				CLANG_WARN_BLOCK_CAPTURE_AUTORELEASING = YES;
				CLANG_WARN_BOOL_CONVERSION = YES;
				CLANG_WARN_COMMA = YES;
				CLANG_WARN_CONSTANT_CONVERSION = YES;
				CLANG_WARN_DEPRECATED_OBJC_IMPLEMENTATIONS = YES;
				CLANG_WARN_DIRECT_OBJC_ISA_USAGE = YES_ERROR;
				CLANG_WARN_DOCUMENTATION_COMMENTS = YES;
				CLANG_WARN_EMPTY_BODY = YES;
				CLANG_WARN_ENUM_CONVERSION = YES;
				CLANG_WARN_INFINITE_RECURSION = YES;
				CLANG_WARN_INT_CONVERSION = YES;
				CLANG_WARN_NON_LITERAL_NULL_CONVERSION = YES;
				CLANG_WARN_OBJC_IMPLICIT_RETAIN_SELF = YES;
				CLANG_WARN_OBJC_LITERAL_CONVERSION = YES;
				CLANG_WARN_OBJC_ROOT_CLASS = YES_ERROR;
				CLANG_WARN_RANGE_LOOP_ANALYSIS = YES;
				CLANG_WARN_STRICT_PROTOTYPES = YES;
				CLANG_WARN_SUSPICIOUS_MOVE = YES;
				CLANG_WARN_UNGUARDED_AVAILABILITY = YES_AGGRESSIVE;
				CLANG_WARN_UNREACHABLE_CODE = YES;
				CLANG_WARN__DUPLICATE_METHOD_MATCH = YES;
				CODE_SIGN_IDENTITY = "iPhone Developer";
				COPY_PHASE_STRIP = NO;
				DEBUG_INFORMATION_FORMAT = dwarf;
				ENABLE_STRICT_OBJC_MSGSEND = YES;
				ENABLE_TESTABILITY = YES;
				GCC_C_LANGUAGE_STANDARD = gnu11;
				GCC_DYNAMIC_NO_PIC = NO;
				GCC_NO_COMMON_BLOCKS = YES;
				GCC_OPTIMIZATION_LEVEL = 0;
				GCC_PREPROCESSOR_DEFINITIONS = (
					"DEBUG=1",
					"$(inherited)",
				);
				GCC_WARN_64_TO_32_BIT_CONVERSION = YES;
				GCC_WARN_ABOUT_RETURN_TYPE = YES_ERROR;
				GCC_WARN_UNDECLARED_SELECTOR = YES;
				GCC_WARN_UNINITIALIZED_AUTOS = YES_AGGRESSIVE;
				GCC_WARN_UNUSED_FUNCTION = YES;
				GCC_WARN_UNUSED_VARIABLE = YES;
				IPHONEOS_DEPLOYMENT_TARGET = 12.0;
				MTL_ENABLE_DEBUG_INFO = INCLUDE_SOURCE;
				MTL_FAST_MATH = YES;
				ONLY_ACTIVE_ARCH = YES;
				SDKROOT = iphoneos;
				SWIFT_ACTIVE_COMPILATION_CONDITIONS = DEBUG;
				SWIFT_OPTIMIZATION_LEVEL = "-Onone";
			};
			name = Debug;
		};
		C208190E21891529006C4F43 /* Release */ = {
			isa = XCBuildConfiguration;
			buildSettings = {
				ALWAYS_SEARCH_USER_PATHS = NO;
				CLANG_ANALYZER_NONNULL = YES;
				CLANG_ANALYZER_NUMBER_OBJECT_CONVERSION = YES_AGGRESSIVE;
				CLANG_CXX_LANGUAGE_STANDARD = "gnu++14";
				CLANG_CXX_LIBRARY = "libc++";
				CLANG_ENABLE_MODULES = YES;
				CLANG_ENABLE_OBJC_ARC = YES;
				CLANG_ENABLE_OBJC_WEAK = YES;
				CLANG_WARN_BLOCK_CAPTURE_AUTORELEASING = YES;
				CLANG_WARN_BOOL_CONVERSION = YES;
				CLANG_WARN_COMMA = YES;
				CLANG_WARN_CONSTANT_CONVERSION = YES;
				CLANG_WARN_DEPRECATED_OBJC_IMPLEMENTATIONS = YES;
				CLANG_WARN_DIRECT_OBJC_ISA_USAGE = YES_ERROR;
				CLANG_WARN_DOCUMENTATION_COMMENTS = YES;
				CLANG_WARN_EMPTY_BODY = YES;
				CLANG_WARN_ENUM_CONVERSION = YES;
				CLANG_WARN_INFINITE_RECURSION = YES;
				CLANG_WARN_INT_CONVERSION = YES;
				CLANG_WARN_NON_LITERAL_NULL_CONVERSION = YES;
				CLANG_WARN_OBJC_IMPLICIT_RETAIN_SELF = YES;
				CLANG_WARN_OBJC_LITERAL_CONVERSION = YES;
				CLANG_WARN_OBJC_ROOT_CLASS = YES_ERROR;
				CLANG_WARN_RANGE_LOOP_ANALYSIS = YES;
				CLANG_WARN_STRICT_PROTOTYPES = YES;
				CLANG_WARN_SUSPICIOUS_MOVE = YES;
				CLANG_WARN_UNGUARDED_AVAILABILITY = YES_AGGRESSIVE;
				CLANG_WARN_UNREACHABLE_CODE = YES;
				CLANG_WARN__DUPLICATE_METHOD_MATCH = YES;
				CODE_SIGN_IDENTITY = "iPhone Developer";
				COPY_PHASE_STRIP = NO;
				DEBUG_INFORMATION_FORMAT = "dwarf-with-dsym";
				ENABLE_NS_ASSERTIONS = NO;
				ENABLE_STRICT_OBJC_MSGSEND = YES;
				GCC_C_LANGUAGE_STANDARD = gnu11;
				GCC_NO_COMMON_BLOCKS = YES;
				GCC_WARN_64_TO_32_BIT_CONVERSION = YES;
				GCC_WARN_ABOUT_RETURN_TYPE = YES_ERROR;
				GCC_WARN_UNDECLARED_SELECTOR = YES;
				GCC_WARN_UNINITIALIZED_AUTOS = YES_AGGRESSIVE;
				GCC_WARN_UNUSED_FUNCTION = YES;
				GCC_WARN_UNUSED_VARIABLE = YES;
				IPHONEOS_DEPLOYMENT_TARGET = 12.0;
				MTL_ENABLE_DEBUG_INFO = NO;
				MTL_FAST_MATH = YES;
				SDKROOT = iphoneos;
				SWIFT_COMPILATION_MODE = wholemodule;
				SWIFT_OPTIMIZATION_LEVEL = "-O";
				VALIDATE_PRODUCT = YES;
			};
			name = Release;
		};
		C208191021891529006C4F43 /* Debug */ = {
			isa = XCBuildConfiguration;
			baseConfigurationReference = 4958608D71607AD3AC84E8FD /* Pods-patchBetaApp.debug.xcconfig */;
			buildSettings = {
				ASSETCATALOG_COMPILER_APPICON_NAME = AppIcon;
				CODE_SIGN_STYLE = Automatic;
				DEVELOPMENT_TEAM = JWBZSAM92S;
				INFOPLIST_FILE = patchBetaApp/Info.plist;
				LD_RUNPATH_SEARCH_PATHS = (
					"$(inherited)",
					"@executable_path/Frameworks",
				);
				PRODUCT_BUNDLE_IDENTIFIER = com.patchBetaApp;
				PRODUCT_NAME = "$(TARGET_NAME)";
				SWIFT_VERSION = 4.2;
				TARGETED_DEVICE_FAMILY = "1,2";
			};
			name = Debug;
		};
		C208191121891529006C4F43 /* Release */ = {
			isa = XCBuildConfiguration;
			baseConfigurationReference = C5A5B78415AB1D4D32D2404E /* Pods-patchBetaApp.release.xcconfig */;
			buildSettings = {
				ASSETCATALOG_COMPILER_APPICON_NAME = AppIcon;
				CODE_SIGN_STYLE = Automatic;
				DEVELOPMENT_TEAM = JWBZSAM92S;
				INFOPLIST_FILE = patchBetaApp/Info.plist;
				LD_RUNPATH_SEARCH_PATHS = (
					"$(inherited)",
					"@executable_path/Frameworks",
				);
				PRODUCT_BUNDLE_IDENTIFIER = com.patchBetaApp;
				PRODUCT_NAME = "$(TARGET_NAME)";
				SWIFT_VERSION = 4.2;
				TARGETED_DEVICE_FAMILY = "1,2";
			};
			name = Release;
		};
/* End XCBuildConfiguration section */

/* Begin XCConfigurationList section */
		C20818F821891527006C4F43 /* Build configuration list for PBXProject "patchBetaApp" */ = {
			isa = XCConfigurationList;
			buildConfigurations = (
				C208190D21891529006C4F43 /* Debug */,
				C208190E21891529006C4F43 /* Release */,
			);
			defaultConfigurationIsVisible = 0;
			defaultConfigurationName = Release;
		};
		C208190F21891529006C4F43 /* Build configuration list for PBXNativeTarget "patchBetaApp" */ = {
			isa = XCConfigurationList;
			buildConfigurations = (
				C208191021891529006C4F43 /* Debug */,
				C208191121891529006C4F43 /* Release */,
			);
			defaultConfigurationIsVisible = 0;
			defaultConfigurationName = Release;
		};
/* End XCConfigurationList section */
	};
	rootObject = C20818F521891527006C4F43 /* Project object */;
}
